
Microsoft Visual Studio Solution File, Format Version 12.00
# Visual Studio Version 16
VisualStudioVersion = 16.0.30320.27
MinimumVisualStudioVersion = 10.0.40219.1
Project("{9A19103F-16F7-4668-BE54-9A1E7A4F7556}") = "Telepathy.HostAgent.Interface", "Telepathy.HostAgent.Interface\Telepathy.HostAgent.Interface.csproj", "{7BB257D6-6112-4445-AE15-347CB9833CD6}"
EndProject
Project("{9A19103F-16F7-4668-BE54-9A1E7A4F7556}") = "Telepathy.HostAgent.Common", "Telepathy.HostAgent.Common\Telepathy.HostAgent.Common.csproj", "{D2C322B1-2DC5-4B2D-99CE-9FBBDD3C6D9D}"
EndProject
Project("{9A19103F-16F7-4668-BE54-9A1E7A4F7556}") = "Telepathy.HostAgent.Core", "Telepathy.HostAgent.Core\Telepathy.HostAgent.Core.csproj", "{848F6541-BC08-405E-B402-5C738B1AC882}"
EndProject
Project("{9A19103F-16F7-4668-BE54-9A1E7A4F7556}") = "Telepathy.HostAgent.Launcher", "Telepathy.HostAgent.Launcher\Telepathy.HostAgent.Launcher.csproj", "{67DFE2CC-A56C-4532-A563-1B66BC30C8F3}"
EndProject
Project("{9A19103F-16F7-4668-BE54-9A1E7A4F7556}") = "Telepathy.HostAgent.HostWrapper", "Telepathy.HostAgent.HostWrapper\Telepathy.HostAgent.HostWrapper.csproj", "{DD6736A2-7E4F-45A5-933D-973638A8B926}"
EndProject
Global
	GlobalSection(SolutionConfigurationPlatforms) = preSolution
		Debug|Any CPU = Debug|Any CPU
		Release|Any CPU = Release|Any CPU
	EndGlobalSection
	GlobalSection(ProjectConfigurationPlatforms) = postSolution
		{7BB257D6-6112-4445-AE15-347CB9833CD6}.Debug|Any CPU.ActiveCfg = Debug|Any CPU
		{7BB257D6-6112-4445-AE15-347CB9833CD6}.Debug|Any CPU.Build.0 = Debug|Any CPU
		{7BB257D6-6112-4445-AE15-347CB9833CD6}.Release|Any CPU.ActiveCfg = Release|Any CPU
		{7BB257D6-6112-4445-AE15-347CB9833CD6}.Release|Any CPU.Build.0 = Release|Any CPU
		{D2C322B1-2DC5-4B2D-99CE-9FBBDD3C6D9D}.Debug|Any CPU.ActiveCfg = Debug|Any CPU
		{D2C322B1-2DC5-4B2D-99CE-9FBBDD3C6D9D}.Debug|Any CPU.Build.0 = Debug|Any CPU
		{D2C322B1-2DC5-4B2D-99CE-9FBBDD3C6D9D}.Release|Any CPU.ActiveCfg = Release|Any CPU
		{D2C322B1-2DC5-4B2D-99CE-9FBBDD3C6D9D}.Release|Any CPU.Build.0 = Release|Any CPU
		{848F6541-BC08-405E-B402-5C738B1AC882}.Debug|Any CPU.ActiveCfg = Debug|Any CPU
		{848F6541-BC08-405E-B402-5C738B1AC882}.Debug|Any CPU.Build.0 = Debug|Any CPU
		{848F6541-BC08-405E-B402-5C738B1AC882}.Release|Any CPU.ActiveCfg = Release|Any CPU
		{848F6541-BC08-405E-B402-5C738B1AC882}.Release|Any CPU.Build.0 = Release|Any CPU
		{67DFE2CC-A56C-4532-A563-1B66BC30C8F3}.Debug|Any CPU.ActiveCfg = Debug|Any CPU
		{67DFE2CC-A56C-4532-A563-1B66BC30C8F3}.Debug|Any CPU.Build.0 = Debug|Any CPU
		{67DFE2CC-A56C-4532-A563-1B66BC30C8F3}.Release|Any CPU.ActiveCfg = Release|Any CPU
		{67DFE2CC-A56C-4532-A563-1B66BC30C8F3}.Release|Any CPU.Build.0 = Release|Any CPU
		{DD6736A2-7E4F-45A5-933D-973638A8B926}.Debug|Any CPU.ActiveCfg = Debug|Any CPU
		{DD6736A2-7E4F-45A5-933D-973638A8B926}.Debug|Any CPU.Build.0 = Debug|Any CPU
		{DD6736A2-7E4F-45A5-933D-973638A8B926}.Release|Any CPU.ActiveCfg = Release|Any CPU
		{DD6736A2-7E4F-45A5-933D-973638A8B926}.Release|Any CPU.Build.0 = Release|Any CPU
	EndGlobalSection
	GlobalSection(SolutionProperties) = preSolution
		HideSolutionNode = FALSE
	EndGlobalSection
	GlobalSection(ExtensibilityGlobals) = postSolution
		SolutionGuid = {E54386F8-71DC-4360-9B5E-EC485531165F}
	EndGlobalSection
EndGlobal
